// !$*UTF8*$!
{
	archiveVersion = 1;
	classes = {
	};
	objectVersion = 50;
	objects = {

/* Begin PBXBuildFile section */
		B51FE10924CEBDA60075FF1D /* AppDelegate.swift in Sources */ = {isa = PBXBuildFile; fileRef = B51FE10824CEBDA60075FF1D /* AppDelegate.swift */; };
		B51FE10B24CEBDA60075FF1D /* SceneDelegate.swift in Sources */ = {isa = PBXBuildFile; fileRef = B51FE10A24CEBDA60075FF1D /* SceneDelegate.swift */; };
		B51FE10D24CEBDA60075FF1D /* ViewController.swift in Sources */ = {isa = PBXBuildFile; fileRef = B51FE10C24CEBDA60075FF1D /* ViewController.swift */; };
		B51FE11024CEBDA60075FF1D /* Main.storyboard in Resources */ = {isa = PBXBuildFile; fileRef = B51FE10E24CEBDA60075FF1D /* Main.storyboard */; };
		B51FE11224CEBDA70075FF1D /* Assets.xcassets in Resources */ = {isa = PBXBuildFile; fileRef = B51FE11124CEBDA70075FF1D /* Assets.xcassets */; };
		B51FE11524CEBDA70075FF1D /* LaunchScreen.storyboard in Resources */ = {isa = PBXBuildFile; fileRef = B51FE11324CEBDA70075FF1D /* LaunchScreen.storyboard */; };
		B51FE11D24CEBF550075FF1D /* SampleCell.swift in Sources */ = {isa = PBXBuildFile; fileRef = B51FE11C24CEBF550075FF1D /* SampleCell.swift */; };
/* End PBXBuildFile section */

/* Begin PBXFileReference section */
		B51FE10524CEBDA60075FF1D /* SearchBarPractice.app */ = {isa = PBXFileReference; explicitFileType = wrapper.application; includeInIndex = 0; path = SearchBarPractice.app; sourceTree = BUILT_PRODUCTS_DIR; };
		B51FE10824CEBDA60075FF1D /* AppDelegate.swift */ = {isa = PBXFileReference; lastKnownFileType = sourcecode.swift; path = AppDelegate.swift; sourceTree = "<group>"; };
		B51FE10A24CEBDA60075FF1D /* SceneDelegate.swift */ = {isa = PBXFileReference; lastKnownFileType = sourcecode.swift; path = SceneDelegate.swift; sourceTree = "<group>"; };
		B51FE10C24CEBDA60075FF1D /* ViewController.swift */ = {isa = PBXFileReference; lastKnownFileType = sourcecode.swift; path = ViewController.swift; sourceTree = "<group>"; };
		B51FE10F24CEBDA60075FF1D /* Base */ = {isa = PBXFileReference; lastKnownFileType = file.storyboard; name = Base; path = Base.lproj/Main.storyboard; sourceTree = "<group>"; };
		B51FE11124CEBDA70075FF1D /* Assets.xcassets */ = {isa = PBXFileReference; lastKnownFileType = folder.assetcatalog; path = Assets.xcassets; sourceTree = "<group>"; };
		B51FE11424CEBDA70075FF1D /* Base */ = {isa = PBXFileReference; lastKnownFileType = file.storyboard; name = Base; path = Base.lproj/LaunchScreen.storyboard; sourceTree = "<group>"; };
		B51FE11624CEBDA70075FF1D /* Info.plist */ = {isa = PBXFileReference; lastKnownFileType = text.plist.xml; path = Info.plist; sourceTree = "<group>"; };
		B51FE11C24CEBF550075FF1D /* SampleCell.swift */ = {isa = PBXFileReference; lastKnownFileType = sourcecode.swift; path = SampleCell.swift; sourceTree = "<group>"; };
/* End PBXFileReference section */

/* Begin PBXFrameworksBuildPhase section */
		B51FE10224CEBDA60075FF1D /* Frameworks */ = {
			isa = PBXFrameworksBuildPhase;
			buildActionMask = 2147483647;
			files = (
			);
			runOnlyForDeploymentPostprocessing = 0;
		};
/* End PBXFrameworksBuildPhase section */

/* Begin PBXGroup section */
		B51FE0FC24CEBDA60075FF1D = {
			isa = PBXGroup;
			children = (
				B51FE10724CEBDA60075FF1D /* SearchBarPractice */,
				B51FE10624CEBDA60075FF1D /* Products */,
			);
			sourceTree = "<group>";
		};
		B51FE10624CEBDA60075FF1D /* Products */ = {
			isa = PBXGroup;
			children = (
				B51FE10524CEBDA60075FF1D /* SearchBarPractice.app */,
			);
			name = Products;
			sourceTree = "<group>";
		};
		B51FE10724CEBDA60075FF1D /* SearchBarPractice */ = {
			isa = PBXGroup;
			children = (
				B51FE10824CEBDA60075FF1D /* AppDelegate.swift */,
				B51FE10A24CEBDA60075FF1D /* SceneDelegate.swift */,
				B51FE10C24CEBDA60075FF1D /* ViewController.swift */,
				B51FE11C24CEBF550075FF1D /* SampleCell.swift */,
				B51FE10E24CEBDA60075FF1D /* Main.storyboard */,
				B51FE11124CEBDA70075FF1D /* Assets.xcassets */,
				B51FE11324CEBDA70075FF1D /* LaunchScreen.storyboard */,
				B51FE11624CEBDA70075FF1D /* Info.plist */,
			);
			path = SearchBarPractice;
			sourceTree = "<group>";
		};
/* End PBXGroup section */

/* Begin PBXNativeTarget section */
		B51FE10424CEBDA60075FF1D /* SearchBarPractice */ = {
			isa = PBXNativeTarget;
			buildConfigurationList = B51FE11924CEBDA70075FF1D /* Build configuration list for PBXNativeTarget "SearchBarPractice" */;
			buildPhases = (
				B51FE10124CEBDA60075FF1D /* Sources */,
				B51FE10224CEBDA60075FF1D /* Frameworks */,
				B51FE10324CEBDA60075FF1D /* Resources */,
			);
			buildRules = (
			);
			dependencies = (
			);
			name = SearchBarPractice;
			productName = SearchBarPractice;
			productReference = B51FE10524CEBDA60075FF1D /* SearchBarPractice.app */;
			productType = "com.apple.product-type.application";
		};
/* End PBXNativeTarget section */

/* Begin PBXProject section */
		B51FE0FD24CEBDA60075FF1D /* Project object */ = {
			isa = PBXProject;
			attributes = {
				LastSwiftUpdateCheck = 1160;
				LastUpgradeCheck = 1160;
				ORGANIZATIONNAME = "서보경";
				TargetAttributes = {
					B51FE10424CEBDA60075FF1D = {
						CreatedOnToolsVersion = 11.6;
					};
				};
			};
			buildConfigurationList = B51FE10024CEBDA60075FF1D /* Build configuration list for PBXProject "SearchBarPractice" */;
			compatibilityVersion = "Xcode 9.3";
			developmentRegion = en;
			hasScannedForEncodings = 0;
			knownRegions = (
				en,
				Base,
			);
			mainGroup = B51FE0FC24CEBDA60075FF1D;
			productRefGroup = B51FE10624CEBDA60075FF1D /* Products */;
			projectDirPath = "";
			projectRoot = "";
			targets = (
				B51FE10424CEBDA60075FF1D /* SearchBarPractice */,
			);
		};
/* End PBXProject section */

/* Begin PBXResourcesBuildPhase section */
		B51FE10324CEBDA60075FF1D /* Resources */ = {
			isa = PBXResourcesBuildPhase;
			buildActionMask = 2147483647;
			files = (
				B51FE11524CEBDA70075FF1D /* LaunchScreen.storyboard in Resources */,
				B51FE11224CEBDA70075FF1D /* Assets.xcassets in Resources */,
				B51FE11024CEBDA60075FF1D /* Main.storyboard in Resources */,
			);
			runOnlyForDeploymentPostprocessing = 0;
		};
/* End PBXResourcesBuildPhase section */

/* Begin PBXSourcesBuildPhase section */
		B51FE10124CEBDA60075FF1D /* Sources */ = {
			isa = PBXSourcesBuildPhase;
			buildActionMask = 2147483647;
			files = (
				B51FE10D24CEBDA60075FF1D /* ViewController.swift in Sources */,
				B51FE11D24CEBF550075FF1D /* SampleCell.swift in Sources */,
				B51FE10924CEBDA60075FF1D /* AppDelegate.swift in Sources */,
				B51FE10B24CEBDA60075FF1D /* SceneDelegate.swift in Sources */,
			);
			runOnlyForDeploymentPostprocessing = 0;
		};
/* End PBXSourcesBuildPhase section */

/* Begin PBXVariantGroup section */
		B51FE10E24CEBDA60075FF1D /* Main.storyboard */ = {
			isa = PBXVariantGroup;
			children = (
				B51FE10F24CEBDA60075FF1D /* Base */,
			);
			name = Main.storyboard;
			sourceTree = "<group>";
		};
		B51FE11324CEBDA70075FF1D /* LaunchScreen.storyboard */ = {
			isa = PBXVariantGroup;
			children = (
				B51FE11424CEBDA70075FF1D /* Base */,
			);
			name = LaunchScreen.storyboard;
			sourceTree = "<group>";
		};
/* End PBXVariantGroup section */

/* Begin XCBuildConfiguration section */
		B51FE11724CEBDA70075FF1D /* Debug */ = {
			isa = XCBuildConfiguration;
			buildSettings = {
				ALWAYS_SEARCH_USER_PATHS = NO;
				CLANG_ANALYZER_NONNULL = YES;
				CLANG_ANALYZER_NUMBER_OBJECT_CONVERSION = YES_AGGRESSIVE;
				CLANG_CXX_LANGUAGE_STANDARD = "gnu++14";
				CLANG_CXX_LIBRARY = "libc++";
				CLANG_ENABLE_MODULES = YES;
				CLANG_ENABLE_OBJC_ARC = YES;
				CLANG_ENABLE_OBJC_WEAK = YES;
				CLANG_WARN_BLOCK_CAPTURE_AUTORELEASING = YES;
				CLANG_WARN_BOOL_CONVERSION = YES;
				CLANG_WARN_COMMA = YES;
				CLANG_WARN_CONSTANT_CONVERSION = YES;
				CLANG_WARN_DEPRECATED_OBJC_IMPLEMENTATIONS = YES;
				CLANG_WARN_DIRECT_OBJC_ISA_USAGE = YES_ERROR;
				CLANG_WARN_DOCUMENTATION_COMMENTS = YES;
				CLANG_WARN_EMPTY_BODY = YES;
				CLANG_WARN_ENUM_CONVERSION = YES;
				CLANG_WARN_INFINITE_RECURSION = YES;
				CLANG_WARN_INT_CONVERSION = YES;
				CLANG_WARN_NON_LITERAL_NULL_CONVERSION = YES;
				CLANG_WARN_OBJC_IMPLICIT_RETAIN_SELF = YES;
				CLANG_WARN_OBJC_LITERAL_CONVERSION = YES;
				CLANG_WARN_OBJC_ROOT_CLASS = YES_ERROR;
				CLANG_WARN_RANGE_LOOP_ANALYSIS = YES;
				CLANG_WARN_STRICT_PROTOTYPES = YES;
				CLANG_WARN_SUSPICIOUS_MOVE = YES;
				CLANG_WARN_UNGUARDED_AVAILABILITY = YES_AGGRESSIVE;
				CLANG_WARN_UNREACHABLE_CODE = YES;
				CLANG_WARN__DUPLICATE_METHOD_MATCH = YES;
				COPY_PHASE_STRIP = NO;
				DEBUG_INFORMATION_FORMAT = dwarf;
				ENABLE_STRICT_OBJC_MSGSEND = YES;
				ENABLE_TESTABILITY = YES;
				GCC_C_LANGUAGE_STANDARD = gnu11;
				GCC_DYNAMIC_NO_PIC = NO;
				GCC_NO_COMMON_BLOCKS = YES;
				GCC_OPTIMIZATION_LEVEL = 0;
				GCC_PREPROCESSOR_DEFINITIONS = (
					"DEBUG=1",
					"$(inherited)",
				);
				GCC_WARN_64_TO_32_BIT_CONVERSION = YES;
				GCC_WARN_ABOUT_RETURN_TYPE = YES_ERROR;
				GCC_WARN_UNDECLARED_SELECTOR = YES;
				GCC_WARN_UNINITIALIZED_AUTOS = YES_AGGRESSIVE;
				GCC_WARN_UNUSED_FUNCTION = YES;
				GCC_WARN_UNUSED_VARIABLE = YES;
				IPHONEOS_DEPLOYMENT_TARGET = 13.6;
				MTL_ENABLE_DEBUG_INFO = INCLUDE_SOURCE;
				MTL_FAST_MATH = YES;
				ONLY_ACTIVE_ARCH = YES;
				SDKROOT = iphoneos;
				SWIFT_ACTIVE_COMPILATION_CONDITIONS = DEBUG;
				SWIFT_OPTIMIZATION_LEVEL = "-Onone";
			};
			name = Debug;
		};
		B51FE11824CEBDA70075FF1D /* Release */ = {
			isa = XCBuildConfiguration;
			buildSettings = {
				ALWAYS_SEARCH_USER_PATHS = NO;
				CLANG_ANALYZER_NONNULL = YES;
				CLANG_ANALYZER_NUMBER_OBJECT_CONVERSION = YES_AGGRESSIVE;
				CLANG_CXX_LANGUAGE_STANDARD = "gnu++14";
				CLANG_CXX_LIBRARY = "libc++";
				CLANG_ENABLE_MODULES = YES;
				CLANG_ENABLE_OBJC_ARC = YES;
				CLANG_ENABLE_OBJC_WEAK = YES;
				CLANG_WARN_BLOCK_CAPTURE_AUTORELEASING = YES;
				CLANG_WARN_BOOL_CONVERSION = YES;
				CLANG_WARN_COMMA = YES;
				CLANG_WARN_CONSTANT_CONVERSION = YES;
				CLANG_WARN_DEPRECATED_OBJC_IMPLEMENTATIONS = YES;
				CLANG_WARN_DIRECT_OBJC_ISA_USAGE = YES_ERROR;
				CLANG_WARN_DOCUMENTATION_COMMENTS = YES;
				CLANG_WARN_EMPTY_BODY = YES;
				CLANG_WARN_ENUM_CONVERSION = YES;
				CLANG_WARN_INFINITE_RECURSION = YES;
				CLANG_WARN_INT_CONVERSION = YES;
				CLANG_WARN_NON_LITERAL_NULL_CONVERSION = YES;
				CLANG_WARN_OBJC_IMPLICIT_RETAIN_SELF = YES;
				CLANG_WARN_OBJC_LITERAL_CONVERSION = YES;
				CLANG_WARN_OBJC_ROOT_CLASS = YES_ERROR;
				CLANG_WARN_RANGE_LOOP_ANALYSIS = YES;
				CLANG_WARN_STRICT_PROTOTYPES = YES;
				CLANG_WARN_SUSPICIOUS_MOVE = YES;
				CLANG_WARN_UNGUARDED_AVAILABILITY = YES_AGGRESSIVE;
				CLANG_WARN_UNREACHABLE_CODE = YES;
				CLANG_WARN__DUPLICATE_METHOD_MATCH = YES;
				COPY_PHASE_STRIP = NO;
				DEBUG_INFORMATION_FORMAT = "dwarf-with-dsym";
				ENABLE_NS_ASSERTIONS = NO;
				ENABLE_STRICT_OBJC_MSGSEND = YES;
				GCC_C_LANGUAGE_STANDARD = gnu11;
				GCC_NO_COMMON_BLOCKS = YES;
				GCC_WARN_64_TO_32_BIT_CONVERSION = YES;
				GCC_WARN_ABOUT_RETURN_TYPE = YES_ERROR;
				GCC_WARN_UNDECLARED_SELECTOR = YES;
				GCC_WARN_UNINITIALIZED_AUTOS = YES_AGGRESSIVE;
				GCC_WARN_UNUSED_FUNCTION = YES;
				GCC_WARN_UNUSED_VARIABLE = YES;
				IPHONEOS_DEPLOYMENT_TARGET = 13.6;
				MTL_ENABLE_DEBUG_INFO = NO;
				MTL_FAST_MATH = YES;
				SDKROOT = iphoneos;
				SWIFT_COMPILATION_MODE = wholemodule;
				SWIFT_OPTIMIZATION_LEVEL = "-O";
				VALIDATE_PRODUCT = YES;
			};
			name = Release;
		};
		B51FE11A24CEBDA70075FF1D /* Debug */ = {
			isa = XCBuildConfiguration;
			buildSettings = {
				ASSETCATALOG_COMPILER_APPICON_NAME = AppIcon;
				CODE_SIGN_STYLE = Automatic;
				INFOPLIST_FILE = SearchBarPractice/Info.plist;
				LD_RUNPATH_SEARCH_PATHS = (
					"$(inherited)",
					"@executable_path/Frameworks",
				);
				PRODUCT_BUNDLE_IDENTIFIER = com.sbk.SearchBarPractice;
				PRODUCT_NAME = "$(TARGET_NAME)";
				SWIFT_VERSION = 5.0;
				TARGETED_DEVICE_FAMILY = "1,2";
			};
			name = Debug;
		};
		B51FE11B24CEBDA70075FF1D /* Release */ = {
			isa = XCBuildConfiguration;
			buildSettings = {
				ASSETCATALOG_COMPILER_APPICON_NAME = AppIcon;
				CODE_SIGN_STYLE = Automatic;
				INFOPLIST_FILE = SearchBarPractice/Info.plist;
				LD_RUNPATH_SEARCH_PATHS = (
					"$(inherited)",
					"@executable_path/Frameworks",
				);
				PRODUCT_BUNDLE_IDENTIFIER = com.sbk.SearchBarPractice;
				PRODUCT_NAME = "$(TARGET_NAME)";
				SWIFT_VERSION = 5.0;
				TARGETED_DEVICE_FAMILY = "1,2";
			};
			name = Release;
		};
/* End XCBuildConfiguration section */

/* Begin XCConfigurationList section */
		B51FE10024CEBDA60075FF1D /* Build configuration list for PBXProject "SearchBarPractice" */ = {
			isa = XCConfigurationList;
			buildConfigurations = (
				B51FE11724CEBDA70075FF1D /* Debug */,
				B51FE11824CEBDA70075FF1D /* Release */,
			);
			defaultConfigurationIsVisible = 0;
			defaultConfigurationName = Release;
		};
		B51FE11924CEBDA70075FF1D /* Build configuration list for PBXNativeTarget "SearchBarPractice" */ = {
			isa = XCConfigurationList;
			buildConfigurations = (
				B51FE11A24CEBDA70075FF1D /* Debug */,
				B51FE11B24CEBDA70075FF1D /* Release */,
			);
			defaultConfigurationIsVisible = 0;
			defaultConfigurationName = Release;
		};
/* End XCConfigurationList section */
	};
	rootObject = B51FE0FD24CEBDA60075FF1D /* Project object */;
}
